
Microsoft Visual Studio Solution File, Format Version 12.00
# Visual Studio 14
VisualStudioVersion = 14.0.25420.1
MinimumVisualStudioVersion = 10.0.40219.1
Project("{FAE04EC0-301F-11D3-BF4B-00C04F79EFBC}") = "GCO", "GCO\GCO.csproj", "{F48CF3CC-AEA9-48D7-9100-3186807827D1}"
EndProject
Project("{FAE04EC0-301F-11D3-BF4B-00C04F79EFBC}") = "GCOTestUI", "GCOTestUI\GCOTestUI.csproj", "{6EB9EA22-EA6D-43BC-AD7E-63C018061701}"
EndProject
Project("{FAE04EC0-301F-11D3-BF4B-00C04F79EFBC}") = "OpenCachingAPI", "OpenCachingAPI\OpenCachingAPI.csproj", "{0B009A55-F6FE-487F-B665-46AC74B2828A}"
EndProject
Project("{FAE04EC0-301F-11D3-BF4B-00C04F79EFBC}") = "XamarinForms", "XamarinForms\XamarinForms\XamarinForms.csproj", "{89B2B1C4-0F6D-4387-ACA5-7128A731CA73}"
EndProject
Project("{FAE04EC0-301F-11D3-BF4B-00C04F79EFBC}") = "XamarinForms.Droid", "XamarinForms\XamarinForms.Droid\XamarinForms.Droid.csproj", "{577308EE-6C53-4074-92D6-40E0DB9CD97E}"
EndProject
Project("{FAE04EC0-301F-11D3-BF4B-00C04F79EFBC}") = "XamarinForms.iOS", "XamarinForms\XamarinForms.iOS\XamarinForms.iOS.csproj", "{AB4A621D-6370-4556-96CE-5D777BE98935}"
EndProject
Project("{FAE04EC0-301F-11D3-BF4B-00C04F79EFBC}") = "XamarinForms.WinPhone", "XamarinForms\XamarinForms.WinPhone\XamarinForms.WinPhone.csproj", "{DF8C4B9E-2C2F-401C-80A0-A098FCF4B3D7}"
	ProjectSection(ProjectDependencies) = postProject
		{0B009A55-F6FE-487F-B665-46AC74B2828A} = {0B009A55-F6FE-487F-B665-46AC74B2828A}
		{491F3CB6-D3F7-490C-ADB9-78ACE2511CAF} = {491F3CB6-D3F7-490C-ADB9-78ACE2511CAF}
		{F48CF3CC-AEA9-48D7-9100-3186807827D1} = {F48CF3CC-AEA9-48D7-9100-3186807827D1}
	EndProjectSection
EndProject
Project("{FAE04EC0-301F-11D3-BF4B-00C04F79EFBC}") = "XamarinForms.UWP", "XamarinForms\XamarinForms.UWP\XamarinForms.UWP.csproj", "{0B2BCE2D-EAF5-4787-B8A3-E2E7C3E1ED55}"
EndProject
Project("{FAE04EC0-301F-11D3-BF4B-00C04F79EFBC}") = "XamarinForms.Windows", "XamarinForms\XamarinForms.Windows\XamarinForms.Windows.csproj", "{9E24E90F-EB55-4EA5-ABD2-52013778538F}"
EndProject
Project("{FAE04EC0-301F-11D3-BF4B-00C04F79EFBC}") = "GeocachingLiveAPI", "GeocachingLiveAPI\GeocachingLiveAPI.csproj", "{491F3CB6-D3F7-490C-ADB9-78ACE2511CAF}"
EndProject
Global
	GlobalSection(SolutionConfigurationPlatforms) = preSolution
		Ad-Hoc|Any CPU = Ad-Hoc|Any CPU
		Ad-Hoc|ARM = Ad-Hoc|ARM
		Ad-Hoc|iPhone = Ad-Hoc|iPhone
		Ad-Hoc|iPhoneSimulator = Ad-Hoc|iPhoneSimulator
		Ad-Hoc|x64 = Ad-Hoc|x64
		Ad-Hoc|x86 = Ad-Hoc|x86
		AppStore|Any CPU = AppStore|Any CPU
		AppStore|ARM = AppStore|ARM
		AppStore|iPhone = AppStore|iPhone
		AppStore|iPhoneSimulator = AppStore|iPhoneSimulator
		AppStore|x64 = AppStore|x64
		AppStore|x86 = AppStore|x86
		Debug|Any CPU = Debug|Any CPU
		Debug|ARM = Debug|ARM
		Debug|iPhone = Debug|iPhone
		Debug|iPhoneSimulator = Debug|iPhoneSimulator
		Debug|x64 = Debug|x64
		Debug|x86 = Debug|x86
		Release|Any CPU = Release|Any CPU
		Release|ARM = Release|ARM
		Release|iPhone = Release|iPhone
		Release|iPhoneSimulator = Release|iPhoneSimulator
		Release|x64 = Release|x64
		Release|x86 = Release|x86
	EndGlobalSection
	GlobalSection(ProjectConfigurationPlatforms) = postSolution
		{F48CF3CC-AEA9-48D7-9100-3186807827D1}.Ad-Hoc|Any CPU.ActiveCfg = Release|Any CPU
		{F48CF3CC-AEA9-48D7-9100-3186807827D1}.Ad-Hoc|Any CPU.Build.0 = Release|Any CPU
		{F48CF3CC-AEA9-48D7-9100-3186807827D1}.Ad-Hoc|ARM.ActiveCfg = Release|Any CPU
		{F48CF3CC-AEA9-48D7-9100-3186807827D1}.Ad-Hoc|ARM.Build.0 = Release|Any CPU
		{F48CF3CC-AEA9-48D7-9100-3186807827D1}.Ad-Hoc|iPhone.ActiveCfg = Release|Any CPU
		{F48CF3CC-AEA9-48D7-9100-3186807827D1}.Ad-Hoc|iPhone.Build.0 = Release|Any CPU
		{F48CF3CC-AEA9-48D7-9100-3186807827D1}.Ad-Hoc|iPhoneSimulator.ActiveCfg = Release|Any CPU
		{F48CF3CC-AEA9-48D7-9100-3186807827D1}.Ad-Hoc|iPhoneSimulator.Build.0 = Release|Any CPU
		{F48CF3CC-AEA9-48D7-9100-3186807827D1}.Ad-Hoc|x64.ActiveCfg = Release|Any CPU
		{F48CF3CC-AEA9-48D7-9100-3186807827D1}.Ad-Hoc|x64.Build.0 = Release|Any CPU
		{F48CF3CC-AEA9-48D7-9100-3186807827D1}.Ad-Hoc|x86.ActiveCfg = Release|Any CPU
		{F48CF3CC-AEA9-48D7-9100-3186807827D1}.Ad-Hoc|x86.Build.0 = Release|Any CPU
		{F48CF3CC-AEA9-48D7-9100-3186807827D1}.AppStore|Any CPU.ActiveCfg = Release|Any CPU
		{F48CF3CC-AEA9-48D7-9100-3186807827D1}.AppStore|Any CPU.Build.0 = Release|Any CPU
		{F48CF3CC-AEA9-48D7-9100-3186807827D1}.AppStore|ARM.ActiveCfg = Release|Any CPU
		{F48CF3CC-AEA9-48D7-9100-3186807827D1}.AppStore|ARM.Build.0 = Release|Any CPU
		{F48CF3CC-AEA9-48D7-9100-3186807827D1}.AppStore|iPhone.ActiveCfg = Release|Any CPU
		{F48CF3CC-AEA9-48D7-9100-3186807827D1}.AppStore|iPhone.Build.0 = Release|Any CPU
		{F48CF3CC-AEA9-48D7-9100-3186807827D1}.AppStore|iPhoneSimulator.ActiveCfg = Release|Any CPU
		{F48CF3CC-AEA9-48D7-9100-3186807827D1}.AppStore|iPhoneSimulator.Build.0 = Release|Any CPU
		{F48CF3CC-AEA9-48D7-9100-3186807827D1}.AppStore|x64.ActiveCfg = Release|Any CPU
		{F48CF3CC-AEA9-48D7-9100-3186807827D1}.AppStore|x64.Build.0 = Release|Any CPU
		{F48CF3CC-AEA9-48D7-9100-3186807827D1}.AppStore|x86.ActiveCfg = Release|Any CPU
		{F48CF3CC-AEA9-48D7-9100-3186807827D1}.AppStore|x86.Build.0 = Release|Any CPU
		{F48CF3CC-AEA9-48D7-9100-3186807827D1}.Debug|Any CPU.ActiveCfg = Debug|Any CPU
		{F48CF3CC-AEA9-48D7-9100-3186807827D1}.Debug|Any CPU.Build.0 = Debug|Any CPU
		{F48CF3CC-AEA9-48D7-9100-3186807827D1}.Debug|ARM.ActiveCfg = Debug|Any CPU
		{F48CF3CC-AEA9-48D7-9100-3186807827D1}.Debug|ARM.Build.0 = Debug|Any CPU
		{F48CF3CC-AEA9-48D7-9100-3186807827D1}.Debug|iPhone.ActiveCfg = Debug|Any CPU
		{F48CF3CC-AEA9-48D7-9100-3186807827D1}.Debug|iPhone.Build.0 = Debug|Any CPU
		{F48CF3CC-AEA9-48D7-9100-3186807827D1}.Debug|iPhoneSimulator.ActiveCfg = Debug|Any CPU
		{F48CF3CC-AEA9-48D7-9100-3186807827D1}.Debug|iPhoneSimulator.Build.0 = Debug|Any CPU
		{F48CF3CC-AEA9-48D7-9100-3186807827D1}.Debug|x64.ActiveCfg = Debug|Any CPU
		{F48CF3CC-AEA9-48D7-9100-3186807827D1}.Debug|x64.Build.0 = Debug|Any CPU
		{F48CF3CC-AEA9-48D7-9100-3186807827D1}.Debug|x86.ActiveCfg = Debug|Any CPU
		{F48CF3CC-AEA9-48D7-9100-3186807827D1}.Debug|x86.Build.0 = Debug|Any CPU
		{F48CF3CC-AEA9-48D7-9100-3186807827D1}.Release|Any CPU.ActiveCfg = Release|Any CPU
		{F48CF3CC-AEA9-48D7-9100-3186807827D1}.Release|Any CPU.Build.0 = Release|Any CPU
		{F48CF3CC-AEA9-48D7-9100-3186807827D1}.Release|ARM.ActiveCfg = Release|Any CPU
		{F48CF3CC-AEA9-48D7-9100-3186807827D1}.Release|ARM.Build.0 = Release|Any CPU
		{F48CF3CC-AEA9-48D7-9100-3186807827D1}.Release|iPhone.ActiveCfg = Release|Any CPU
		{F48CF3CC-AEA9-48D7-9100-3186807827D1}.Release|iPhone.Build.0 = Release|Any CPU
		{F48CF3CC-AEA9-48D7-9100-3186807827D1}.Release|iPhoneSimulator.ActiveCfg = Release|Any CPU
		{F48CF3CC-AEA9-48D7-9100-3186807827D1}.Release|iPhoneSimulator.Build.0 = Release|Any CPU
		{F48CF3CC-AEA9-48D7-9100-3186807827D1}.Release|x64.ActiveCfg = Release|Any CPU
		{F48CF3CC-AEA9-48D7-9100-3186807827D1}.Release|x64.Build.0 = Release|Any CPU
		{F48CF3CC-AEA9-48D7-9100-3186807827D1}.Release|x86.ActiveCfg = Release|Any CPU
		{F48CF3CC-AEA9-48D7-9100-3186807827D1}.Release|x86.Build.0 = Release|Any CPU
		{6EB9EA22-EA6D-43BC-AD7E-63C018061701}.Ad-Hoc|Any CPU.ActiveCfg = Release|Any CPU
		{6EB9EA22-EA6D-43BC-AD7E-63C018061701}.Ad-Hoc|Any CPU.Build.0 = Release|Any CPU
		{6EB9EA22-EA6D-43BC-AD7E-63C018061701}.Ad-Hoc|ARM.ActiveCfg = Release|Any CPU
		{6EB9EA22-EA6D-43BC-AD7E-63C018061701}.Ad-Hoc|ARM.Build.0 = Release|Any CPU
		{6EB9EA22-EA6D-43BC-AD7E-63C018061701}.Ad-Hoc|iPhone.ActiveCfg = Release|Any CPU
		{6EB9EA22-EA6D-43BC-AD7E-63C018061701}.Ad-Hoc|iPhone.Build.0 = Release|Any CPU
		{6EB9EA22-EA6D-43BC-AD7E-63C018061701}.Ad-Hoc|iPhoneSimulator.ActiveCfg = Release|Any CPU
		{6EB9EA22-EA6D-43BC-AD7E-63C018061701}.Ad-Hoc|iPhoneSimulator.Build.0 = Release|Any CPU
		{6EB9EA22-EA6D-43BC-AD7E-63C018061701}.Ad-Hoc|x64.ActiveCfg = Release|Any CPU
		{6EB9EA22-EA6D-43BC-AD7E-63C018061701}.Ad-Hoc|x64.Build.0 = Release|Any CPU
		{6EB9EA22-EA6D-43BC-AD7E-63C018061701}.Ad-Hoc|x86.ActiveCfg = Release|Any CPU
		{6EB9EA22-EA6D-43BC-AD7E-63C018061701}.Ad-Hoc|x86.Build.0 = Release|Any CPU
		{6EB9EA22-EA6D-43BC-AD7E-63C018061701}.AppStore|Any CPU.ActiveCfg = Release|Any CPU
		{6EB9EA22-EA6D-43BC-AD7E-63C018061701}.AppStore|Any CPU.Build.0 = Release|Any CPU
		{6EB9EA22-EA6D-43BC-AD7E-63C018061701}.AppStore|ARM.ActiveCfg = Release|Any CPU
		{6EB9EA22-EA6D-43BC-AD7E-63C018061701}.AppStore|ARM.Build.0 = Release|Any CPU
		{6EB9EA22-EA6D-43BC-AD7E-63C018061701}.AppStore|iPhone.ActiveCfg = Release|Any CPU
		{6EB9EA22-EA6D-43BC-AD7E-63C018061701}.AppStore|iPhone.Build.0 = Release|Any CPU
		{6EB9EA22-EA6D-43BC-AD7E-63C018061701}.AppStore|iPhoneSimulator.ActiveCfg = Release|Any CPU
		{6EB9EA22-EA6D-43BC-AD7E-63C018061701}.AppStore|iPhoneSimulator.Build.0 = Release|Any CPU
		{6EB9EA22-EA6D-43BC-AD7E-63C018061701}.AppStore|x64.ActiveCfg = Release|Any CPU
		{6EB9EA22-EA6D-43BC-AD7E-63C018061701}.AppStore|x64.Build.0 = Release|Any CPU
		{6EB9EA22-EA6D-43BC-AD7E-63C018061701}.AppStore|x86.ActiveCfg = Release|Any CPU
		{6EB9EA22-EA6D-43BC-AD7E-63C018061701}.AppStore|x86.Build.0 = Release|Any CPU
		{6EB9EA22-EA6D-43BC-AD7E-63C018061701}.Debug|Any CPU.ActiveCfg = Debug|Any CPU
		{6EB9EA22-EA6D-43BC-AD7E-63C018061701}.Debug|ARM.ActiveCfg = Debug|Any CPU
		{6EB9EA22-EA6D-43BC-AD7E-63C018061701}.Debug|ARM.Build.0 = Debug|Any CPU
		{6EB9EA22-EA6D-43BC-AD7E-63C018061701}.Debug|iPhone.ActiveCfg = Debug|Any CPU
		{6EB9EA22-EA6D-43BC-AD7E-63C018061701}.Debug|iPhone.Build.0 = Debug|Any CPU
		{6EB9EA22-EA6D-43BC-AD7E-63C018061701}.Debug|iPhoneSimulator.ActiveCfg = Debug|Any CPU
		{6EB9EA22-EA6D-43BC-AD7E-63C018061701}.Debug|iPhoneSimulator.Build.0 = Debug|Any CPU
		{6EB9EA22-EA6D-43BC-AD7E-63C018061701}.Debug|x64.ActiveCfg = Debug|Any CPU
		{6EB9EA22-EA6D-43BC-AD7E-63C018061701}.Debug|x64.Build.0 = Debug|Any CPU
		{6EB9EA22-EA6D-43BC-AD7E-63C018061701}.Debug|x86.ActiveCfg = Debug|Any CPU
		{6EB9EA22-EA6D-43BC-AD7E-63C018061701}.Debug|x86.Build.0 = Debug|Any CPU
		{6EB9EA22-EA6D-43BC-AD7E-63C018061701}.Release|Any CPU.ActiveCfg = Release|Any CPU
		{6EB9EA22-EA6D-43BC-AD7E-63C018061701}.Release|Any CPU.Build.0 = Release|Any CPU
		{6EB9EA22-EA6D-43BC-AD7E-63C018061701}.Release|ARM.ActiveCfg = Release|Any CPU
		{6EB9EA22-EA6D-43BC-AD7E-63C018061701}.Release|ARM.Build.0 = Release|Any CPU
		{6EB9EA22-EA6D-43BC-AD7E-63C018061701}.Release|iPhone.ActiveCfg = Release|Any CPU
		{6EB9EA22-EA6D-43BC-AD7E-63C018061701}.Release|iPhone.Build.0 = Release|Any CPU
		{6EB9EA22-EA6D-43BC-AD7E-63C018061701}.Release|iPhoneSimulator.ActiveCfg = Release|Any CPU
		{6EB9EA22-EA6D-43BC-AD7E-63C018061701}.Release|iPhoneSimulator.Build.0 = Release|Any CPU
		{6EB9EA22-EA6D-43BC-AD7E-63C018061701}.Release|x64.ActiveCfg = Release|Any CPU
		{6EB9EA22-EA6D-43BC-AD7E-63C018061701}.Release|x64.Build.0 = Release|Any CPU
		{6EB9EA22-EA6D-43BC-AD7E-63C018061701}.Release|x86.ActiveCfg = Release|Any CPU
		{6EB9EA22-EA6D-43BC-AD7E-63C018061701}.Release|x86.Build.0 = Release|Any CPU
		{0B009A55-F6FE-487F-B665-46AC74B2828A}.Ad-Hoc|Any CPU.ActiveCfg = Release|Any CPU
		{0B009A55-F6FE-487F-B665-46AC74B2828A}.Ad-Hoc|Any CPU.Build.0 = Release|Any CPU
		{0B009A55-F6FE-487F-B665-46AC74B2828A}.Ad-Hoc|ARM.ActiveCfg = Release|Any CPU
		{0B009A55-F6FE-487F-B665-46AC74B2828A}.Ad-Hoc|ARM.Build.0 = Release|Any CPU
		{0B009A55-F6FE-487F-B665-46AC74B2828A}.Ad-Hoc|iPhone.ActiveCfg = Release|Any CPU
		{0B009A55-F6FE-487F-B665-46AC74B2828A}.Ad-Hoc|iPhone.Build.0 = Release|Any CPU
		{0B009A55-F6FE-487F-B665-46AC74B2828A}.Ad-Hoc|iPhoneSimulator.ActiveCfg = Release|Any CPU
		{0B009A55-F6FE-487F-B665-46AC74B2828A}.Ad-Hoc|iPhoneSimulator.Build.0 = Release|Any CPU
		{0B009A55-F6FE-487F-B665-46AC74B2828A}.Ad-Hoc|x64.ActiveCfg = Release|Any CPU
		{0B009A55-F6FE-487F-B665-46AC74B2828A}.Ad-Hoc|x64.Build.0 = Release|Any CPU
		{0B009A55-F6FE-487F-B665-46AC74B2828A}.Ad-Hoc|x86.ActiveCfg = Release|Any CPU
		{0B009A55-F6FE-487F-B665-46AC74B2828A}.Ad-Hoc|x86.Build.0 = Release|Any CPU
		{0B009A55-F6FE-487F-B665-46AC74B2828A}.AppStore|Any CPU.ActiveCfg = Release|Any CPU
		{0B009A55-F6FE-487F-B665-46AC74B2828A}.AppStore|Any CPU.Build.0 = Release|Any CPU
		{0B009A55-F6FE-487F-B665-46AC74B2828A}.AppStore|ARM.ActiveCfg = Release|Any CPU
		{0B009A55-F6FE-487F-B665-46AC74B2828A}.AppStore|ARM.Build.0 = Release|Any CPU
		{0B009A55-F6FE-487F-B665-46AC74B2828A}.AppStore|iPhone.ActiveCfg = Release|Any CPU
		{0B009A55-F6FE-487F-B665-46AC74B2828A}.AppStore|iPhone.Build.0 = Release|Any CPU
		{0B009A55-F6FE-487F-B665-46AC74B2828A}.AppStore|iPhoneSimulator.ActiveCfg = Release|Any CPU
		{0B009A55-F6FE-487F-B665-46AC74B2828A}.AppStore|iPhoneSimulator.Build.0 = Release|Any CPU
		{0B009A55-F6FE-487F-B665-46AC74B2828A}.AppStore|x64.ActiveCfg = Release|Any CPU
		{0B009A55-F6FE-487F-B665-46AC74B2828A}.AppStore|x64.Build.0 = Release|Any CPU
		{0B009A55-F6FE-487F-B665-46AC74B2828A}.AppStore|x86.ActiveCfg = Release|Any CPU
		{0B009A55-F6FE-487F-B665-46AC74B2828A}.AppStore|x86.Build.0 = Release|Any CPU
		{0B009A55-F6FE-487F-B665-46AC74B2828A}.Debug|Any CPU.ActiveCfg = Debug|Any CPU
		{0B009A55-F6FE-487F-B665-46AC74B2828A}.Debug|Any CPU.Build.0 = Debug|Any CPU
		{0B009A55-F6FE-487F-B665-46AC74B2828A}.Debug|ARM.ActiveCfg = Debug|Any CPU
		{0B009A55-F6FE-487F-B665-46AC74B2828A}.Debug|ARM.Build.0 = Debug|Any CPU
		{0B009A55-F6FE-487F-B665-46AC74B2828A}.Debug|iPhone.ActiveCfg = Debug|Any CPU
		{0B009A55-F6FE-487F-B665-46AC74B2828A}.Debug|iPhone.Build.0 = Debug|Any CPU
		{0B009A55-F6FE-487F-B665-46AC74B2828A}.Debug|iPhoneSimulator.ActiveCfg = Debug|Any CPU
		{0B009A55-F6FE-487F-B665-46AC74B2828A}.Debug|iPhoneSimulator.Build.0 = Debug|Any CPU
		{0B009A55-F6FE-487F-B665-46AC74B2828A}.Debug|x64.ActiveCfg = Debug|Any CPU
		{0B009A55-F6FE-487F-B665-46AC74B2828A}.Debug|x64.Build.0 = Debug|Any CPU
		{0B009A55-F6FE-487F-B665-46AC74B2828A}.Debug|x86.ActiveCfg = Debug|Any CPU
		{0B009A55-F6FE-487F-B665-46AC74B2828A}.Debug|x86.Build.0 = Debug|Any CPU
		{0B009A55-F6FE-487F-B665-46AC74B2828A}.Release|Any CPU.ActiveCfg = Release|Any CPU
		{0B009A55-F6FE-487F-B665-46AC74B2828A}.Release|Any CPU.Build.0 = Release|Any CPU
		{0B009A55-F6FE-487F-B665-46AC74B2828A}.Release|ARM.ActiveCfg = Release|Any CPU
		{0B009A55-F6FE-487F-B665-46AC74B2828A}.Release|ARM.Build.0 = Release|Any CPU
		{0B009A55-F6FE-487F-B665-46AC74B2828A}.Release|iPhone.ActiveCfg = Release|Any CPU
		{0B009A55-F6FE-487F-B665-46AC74B2828A}.Release|iPhone.Build.0 = Release|Any CPU
		{0B009A55-F6FE-487F-B665-46AC74B2828A}.Release|iPhoneSimulator.ActiveCfg = Release|Any CPU
		{0B009A55-F6FE-487F-B665-46AC74B2828A}.Release|iPhoneSimulator.Build.0 = Release|Any CPU
		{0B009A55-F6FE-487F-B665-46AC74B2828A}.Release|x64.ActiveCfg = Release|Any CPU
		{0B009A55-F6FE-487F-B665-46AC74B2828A}.Release|x64.Build.0 = Release|Any CPU
		{0B009A55-F6FE-487F-B665-46AC74B2828A}.Release|x86.ActiveCfg = Release|Any CPU
		{0B009A55-F6FE-487F-B665-46AC74B2828A}.Release|x86.Build.0 = Release|Any CPU
		{89B2B1C4-0F6D-4387-ACA5-7128A731CA73}.Ad-Hoc|Any CPU.ActiveCfg = Release|Any CPU
		{89B2B1C4-0F6D-4387-ACA5-7128A731CA73}.Ad-Hoc|Any CPU.Build.0 = Release|Any CPU
		{89B2B1C4-0F6D-4387-ACA5-7128A731CA73}.Ad-Hoc|ARM.ActiveCfg = Release|Any CPU
		{89B2B1C4-0F6D-4387-ACA5-7128A731CA73}.Ad-Hoc|ARM.Build.0 = Release|Any CPU
		{89B2B1C4-0F6D-4387-ACA5-7128A731CA73}.Ad-Hoc|iPhone.ActiveCfg = Release|Any CPU
		{89B2B1C4-0F6D-4387-ACA5-7128A731CA73}.Ad-Hoc|iPhone.Build.0 = Release|Any CPU
		{89B2B1C4-0F6D-4387-ACA5-7128A731CA73}.Ad-Hoc|iPhoneSimulator.ActiveCfg = Release|Any CPU
		{89B2B1C4-0F6D-4387-ACA5-7128A731CA73}.Ad-Hoc|iPhoneSimulator.Build.0 = Release|Any CPU
		{89B2B1C4-0F6D-4387-ACA5-7128A731CA73}.Ad-Hoc|x64.ActiveCfg = Release|Any CPU
		{89B2B1C4-0F6D-4387-ACA5-7128A731CA73}.Ad-Hoc|x64.Build.0 = Release|Any CPU
		{89B2B1C4-0F6D-4387-ACA5-7128A731CA73}.Ad-Hoc|x86.ActiveCfg = Release|Any CPU
		{89B2B1C4-0F6D-4387-ACA5-7128A731CA73}.Ad-Hoc|x86.Build.0 = Release|Any CPU
		{89B2B1C4-0F6D-4387-ACA5-7128A731CA73}.AppStore|Any CPU.ActiveCfg = Release|Any CPU
		{89B2B1C4-0F6D-4387-ACA5-7128A731CA73}.AppStore|Any CPU.Build.0 = Release|Any CPU
		{89B2B1C4-0F6D-4387-ACA5-7128A731CA73}.AppStore|ARM.ActiveCfg = Release|Any CPU
		{89B2B1C4-0F6D-4387-ACA5-7128A731CA73}.AppStore|ARM.Build.0 = Release|Any CPU
		{89B2B1C4-0F6D-4387-ACA5-7128A731CA73}.AppStore|iPhone.ActiveCfg = Release|Any CPU
		{89B2B1C4-0F6D-4387-ACA5-7128A731CA73}.AppStore|iPhone.Build.0 = Release|Any CPU
		{89B2B1C4-0F6D-4387-ACA5-7128A731CA73}.AppStore|iPhoneSimulator.ActiveCfg = Release|Any CPU
		{89B2B1C4-0F6D-4387-ACA5-7128A731CA73}.AppStore|iPhoneSimulator.Build.0 = Release|Any CPU
		{89B2B1C4-0F6D-4387-ACA5-7128A731CA73}.AppStore|x64.ActiveCfg = Release|Any CPU
		{89B2B1C4-0F6D-4387-ACA5-7128A731CA73}.AppStore|x64.Build.0 = Release|Any CPU
		{89B2B1C4-0F6D-4387-ACA5-7128A731CA73}.AppStore|x86.ActiveCfg = Release|Any CPU
		{89B2B1C4-0F6D-4387-ACA5-7128A731CA73}.AppStore|x86.Build.0 = Release|Any CPU
		{89B2B1C4-0F6D-4387-ACA5-7128A731CA73}.Debug|Any CPU.ActiveCfg = Debug|Any CPU
		{89B2B1C4-0F6D-4387-ACA5-7128A731CA73}.Debug|Any CPU.Build.0 = Debug|Any CPU
		{89B2B1C4-0F6D-4387-ACA5-7128A731CA73}.Debug|ARM.ActiveCfg = Debug|Any CPU
		{89B2B1C4-0F6D-4387-ACA5-7128A731CA73}.Debug|ARM.Build.0 = Debug|Any CPU
		{89B2B1C4-0F6D-4387-ACA5-7128A731CA73}.Debug|iPhone.ActiveCfg = Debug|Any CPU
		{89B2B1C4-0F6D-4387-ACA5-7128A731CA73}.Debug|iPhone.Build.0 = Debug|Any CPU
		{89B2B1C4-0F6D-4387-ACA5-7128A731CA73}.Debug|iPhoneSimulator.ActiveCfg = Debug|Any CPU
		{89B2B1C4-0F6D-4387-ACA5-7128A731CA73}.Debug|iPhoneSimulator.Build.0 = Debug|Any CPU
		{89B2B1C4-0F6D-4387-ACA5-7128A731CA73}.Debug|x64.ActiveCfg = Debug|Any CPU
		{89B2B1C4-0F6D-4387-ACA5-7128A731CA73}.Debug|x64.Build.0 = Debug|Any CPU
		{89B2B1C4-0F6D-4387-ACA5-7128A731CA73}.Debug|x86.ActiveCfg = Debug|Any CPU
		{89B2B1C4-0F6D-4387-ACA5-7128A731CA73}.Debug|x86.Build.0 = Debug|Any CPU
		{89B2B1C4-0F6D-4387-ACA5-7128A731CA73}.Release|Any CPU.ActiveCfg = Release|Any CPU
		{89B2B1C4-0F6D-4387-ACA5-7128A731CA73}.Release|Any CPU.Build.0 = Release|Any CPU
		{89B2B1C4-0F6D-4387-ACA5-7128A731CA73}.Release|ARM.ActiveCfg = Release|Any CPU
		{89B2B1C4-0F6D-4387-ACA5-7128A731CA73}.Release|ARM.Build.0 = Release|Any CPU
		{89B2B1C4-0F6D-4387-ACA5-7128A731CA73}.Release|iPhone.ActiveCfg = Release|Any CPU
		{89B2B1C4-0F6D-4387-ACA5-7128A731CA73}.Release|iPhone.Build.0 = Release|Any CPU
		{89B2B1C4-0F6D-4387-ACA5-7128A731CA73}.Release|iPhoneSimulator.ActiveCfg = Release|Any CPU
		{89B2B1C4-0F6D-4387-ACA5-7128A731CA73}.Release|iPhoneSimulator.Build.0 = Release|Any CPU
		{89B2B1C4-0F6D-4387-ACA5-7128A731CA73}.Release|x64.ActiveCfg = Release|Any CPU
		{89B2B1C4-0F6D-4387-ACA5-7128A731CA73}.Release|x64.Build.0 = Release|Any CPU
		{89B2B1C4-0F6D-4387-ACA5-7128A731CA73}.Release|x86.ActiveCfg = Release|Any CPU
		{89B2B1C4-0F6D-4387-ACA5-7128A731CA73}.Release|x86.Build.0 = Release|Any CPU
		{577308EE-6C53-4074-92D6-40E0DB9CD97E}.Ad-Hoc|Any CPU.ActiveCfg = Release|Any CPU
		{577308EE-6C53-4074-92D6-40E0DB9CD97E}.Ad-Hoc|Any CPU.Build.0 = Release|Any CPU
		{577308EE-6C53-4074-92D6-40E0DB9CD97E}.Ad-Hoc|Any CPU.Deploy.0 = Release|Any CPU
		{577308EE-6C53-4074-92D6-40E0DB9CD97E}.Ad-Hoc|ARM.ActiveCfg = Release|Any CPU
		{577308EE-6C53-4074-92D6-40E0DB9CD97E}.Ad-Hoc|ARM.Build.0 = Release|Any CPU
		{577308EE-6C53-4074-92D6-40E0DB9CD97E}.Ad-Hoc|ARM.Deploy.0 = Release|Any CPU
		{577308EE-6C53-4074-92D6-40E0DB9CD97E}.Ad-Hoc|iPhone.ActiveCfg = Release|Any CPU
		{577308EE-6C53-4074-92D6-40E0DB9CD97E}.Ad-Hoc|iPhone.Build.0 = Release|Any CPU
		{577308EE-6C53-4074-92D6-40E0DB9CD97E}.Ad-Hoc|iPhone.Deploy.0 = Release|Any CPU
		{577308EE-6C53-4074-92D6-40E0DB9CD97E}.Ad-Hoc|iPhoneSimulator.ActiveCfg = Release|Any CPU
		{577308EE-6C53-4074-92D6-40E0DB9CD97E}.Ad-Hoc|iPhoneSimulator.Build.0 = Release|Any CPU
		{577308EE-6C53-4074-92D6-40E0DB9CD97E}.Ad-Hoc|iPhoneSimulator.Deploy.0 = Release|Any CPU
		{577308EE-6C53-4074-92D6-40E0DB9CD97E}.Ad-Hoc|x64.ActiveCfg = Release|Any CPU
		{577308EE-6C53-4074-92D6-40E0DB9CD97E}.Ad-Hoc|x64.Build.0 = Release|Any CPU
		{577308EE-6C53-4074-92D6-40E0DB9CD97E}.Ad-Hoc|x64.Deploy.0 = Release|Any CPU
		{577308EE-6C53-4074-92D6-40E0DB9CD97E}.Ad-Hoc|x86.ActiveCfg = Release|Any CPU
		{577308EE-6C53-4074-92D6-40E0DB9CD97E}.Ad-Hoc|x86.Build.0 = Release|Any CPU
		{577308EE-6C53-4074-92D6-40E0DB9CD97E}.Ad-Hoc|x86.Deploy.0 = Release|Any CPU
		{577308EE-6C53-4074-92D6-40E0DB9CD97E}.AppStore|Any CPU.ActiveCfg = Release|Any CPU
		{577308EE-6C53-4074-92D6-40E0DB9CD97E}.AppStore|Any CPU.Build.0 = Release|Any CPU
		{577308EE-6C53-4074-92D6-40E0DB9CD97E}.AppStore|Any CPU.Deploy.0 = Release|Any CPU
		{577308EE-6C53-4074-92D6-40E0DB9CD97E}.AppStore|ARM.ActiveCfg = Release|Any CPU
		{577308EE-6C53-4074-92D6-40E0DB9CD97E}.AppStore|ARM.Build.0 = Release|Any CPU
		{577308EE-6C53-4074-92D6-40E0DB9CD97E}.AppStore|ARM.Deploy.0 = Release|Any CPU
		{577308EE-6C53-4074-92D6-40E0DB9CD97E}.AppStore|iPhone.ActiveCfg = Release|Any CPU
		{577308EE-6C53-4074-92D6-40E0DB9CD97E}.AppStore|iPhone.Build.0 = Release|Any CPU
		{577308EE-6C53-4074-92D6-40E0DB9CD97E}.AppStore|iPhone.Deploy.0 = Release|Any CPU
		{577308EE-6C53-4074-92D6-40E0DB9CD97E}.AppStore|iPhoneSimulator.ActiveCfg = Release|Any CPU
		{577308EE-6C53-4074-92D6-40E0DB9CD97E}.AppStore|iPhoneSimulator.Build.0 = Release|Any CPU
		{577308EE-6C53-4074-92D6-40E0DB9CD97E}.AppStore|iPhoneSimulator.Deploy.0 = Release|Any CPU
		{577308EE-6C53-4074-92D6-40E0DB9CD97E}.AppStore|x64.ActiveCfg = Release|Any CPU
		{577308EE-6C53-4074-92D6-40E0DB9CD97E}.AppStore|x64.Build.0 = Release|Any CPU
		{577308EE-6C53-4074-92D6-40E0DB9CD97E}.AppStore|x64.Deploy.0 = Release|Any CPU
		{577308EE-6C53-4074-92D6-40E0DB9CD97E}.AppStore|x86.ActiveCfg = Release|Any CPU
		{577308EE-6C53-4074-92D6-40E0DB9CD97E}.AppStore|x86.Build.0 = Release|Any CPU
		{577308EE-6C53-4074-92D6-40E0DB9CD97E}.AppStore|x86.Deploy.0 = Release|Any CPU
		{577308EE-6C53-4074-92D6-40E0DB9CD97E}.Debug|Any CPU.ActiveCfg = Debug|Any CPU
		{577308EE-6C53-4074-92D6-40E0DB9CD97E}.Debug|ARM.ActiveCfg = Debug|Any CPU
		{577308EE-6C53-4074-92D6-40E0DB9CD97E}.Debug|ARM.Build.0 = Debug|Any CPU
		{577308EE-6C53-4074-92D6-40E0DB9CD97E}.Debug|ARM.Deploy.0 = Debug|Any CPU
		{577308EE-6C53-4074-92D6-40E0DB9CD97E}.Debug|iPhone.ActiveCfg = Debug|Any CPU
		{577308EE-6C53-4074-92D6-40E0DB9CD97E}.Debug|iPhone.Build.0 = Debug|Any CPU
		{577308EE-6C53-4074-92D6-40E0DB9CD97E}.Debug|iPhone.Deploy.0 = Debug|Any CPU
		{577308EE-6C53-4074-92D6-40E0DB9CD97E}.Debug|iPhoneSimulator.ActiveCfg = Debug|Any CPU
		{577308EE-6C53-4074-92D6-40E0DB9CD97E}.Debug|iPhoneSimulator.Build.0 = Debug|Any CPU
		{577308EE-6C53-4074-92D6-40E0DB9CD97E}.Debug|iPhoneSimulator.Deploy.0 = Debug|Any CPU
		{577308EE-6C53-4074-92D6-40E0DB9CD97E}.Debug|x64.ActiveCfg = Debug|Any CPU
		{577308EE-6C53-4074-92D6-40E0DB9CD97E}.Debug|x64.Build.0 = Debug|Any CPU
		{577308EE-6C53-4074-92D6-40E0DB9CD97E}.Debug|x64.Deploy.0 = Debug|Any CPU
		{577308EE-6C53-4074-92D6-40E0DB9CD97E}.Debug|x86.ActiveCfg = Debug|Any CPU
		{577308EE-6C53-4074-92D6-40E0DB9CD97E}.Debug|x86.Build.0 = Debug|Any CPU
		{577308EE-6C53-4074-92D6-40E0DB9CD97E}.Debug|x86.Deploy.0 = Debug|Any CPU
		{577308EE-6C53-4074-92D6-40E0DB9CD97E}.Release|Any CPU.ActiveCfg = Release|Any CPU
		{577308EE-6C53-4074-92D6-40E0DB9CD97E}.Release|Any CPU.Build.0 = Release|Any CPU
		{577308EE-6C53-4074-92D6-40E0DB9CD97E}.Release|Any CPU.Deploy.0 = Release|Any CPU
		{577308EE-6C53-4074-92D6-40E0DB9CD97E}.Release|ARM.ActiveCfg = Release|Any CPU
		{577308EE-6C53-4074-92D6-40E0DB9CD97E}.Release|ARM.Build.0 = Release|Any CPU
		{577308EE-6C53-4074-92D6-40E0DB9CD97E}.Release|ARM.Deploy.0 = Release|Any CPU
		{577308EE-6C53-4074-92D6-40E0DB9CD97E}.Release|iPhone.ActiveCfg = Release|Any CPU
		{577308EE-6C53-4074-92D6-40E0DB9CD97E}.Release|iPhone.Build.0 = Release|Any CPU
		{577308EE-6C53-4074-92D6-40E0DB9CD97E}.Release|iPhone.Deploy.0 = Release|Any CPU
		{577308EE-6C53-4074-92D6-40E0DB9CD97E}.Release|iPhoneSimulator.ActiveCfg = Release|Any CPU
		{577308EE-6C53-4074-92D6-40E0DB9CD97E}.Release|iPhoneSimulator.Build.0 = Release|Any CPU
		{577308EE-6C53-4074-92D6-40E0DB9CD97E}.Release|iPhoneSimulator.Deploy.0 = Release|Any CPU
		{577308EE-6C53-4074-92D6-40E0DB9CD97E}.Release|x64.ActiveCfg = Release|Any CPU
		{577308EE-6C53-4074-92D6-40E0DB9CD97E}.Release|x64.Build.0 = Release|Any CPU
		{577308EE-6C53-4074-92D6-40E0DB9CD97E}.Release|x64.Deploy.0 = Release|Any CPU
		{577308EE-6C53-4074-92D6-40E0DB9CD97E}.Release|x86.ActiveCfg = Release|Any CPU
		{577308EE-6C53-4074-92D6-40E0DB9CD97E}.Release|x86.Build.0 = Release|Any CPU
		{577308EE-6C53-4074-92D6-40E0DB9CD97E}.Release|x86.Deploy.0 = Release|Any CPU
		{AB4A621D-6370-4556-96CE-5D777BE98935}.Ad-Hoc|Any CPU.ActiveCfg = Ad-Hoc|iPhone
		{AB4A621D-6370-4556-96CE-5D777BE98935}.Ad-Hoc|ARM.ActiveCfg = Ad-Hoc|iPhone
		{AB4A621D-6370-4556-96CE-5D777BE98935}.Ad-Hoc|iPhone.ActiveCfg = Ad-Hoc|iPhone
		{AB4A621D-6370-4556-96CE-5D777BE98935}.Ad-Hoc|iPhone.Build.0 = Ad-Hoc|iPhone
		{AB4A621D-6370-4556-96CE-5D777BE98935}.Ad-Hoc|iPhoneSimulator.ActiveCfg = Ad-Hoc|iPhoneSimulator
		{AB4A621D-6370-4556-96CE-5D777BE98935}.Ad-Hoc|iPhoneSimulator.Build.0 = Ad-Hoc|iPhoneSimulator
		{AB4A621D-6370-4556-96CE-5D777BE98935}.Ad-Hoc|x64.ActiveCfg = Ad-Hoc|iPhone
		{AB4A621D-6370-4556-96CE-5D777BE98935}.Ad-Hoc|x86.ActiveCfg = Ad-Hoc|iPhone
		{AB4A621D-6370-4556-96CE-5D777BE98935}.AppStore|Any CPU.ActiveCfg = AppStore|iPhone
		{AB4A621D-6370-4556-96CE-5D777BE98935}.AppStore|ARM.ActiveCfg = AppStore|iPhone
		{AB4A621D-6370-4556-96CE-5D777BE98935}.AppStore|iPhone.ActiveCfg = AppStore|iPhone
		{AB4A621D-6370-4556-96CE-5D777BE98935}.AppStore|iPhone.Build.0 = AppStore|iPhone
		{AB4A621D-6370-4556-96CE-5D777BE98935}.AppStore|iPhoneSimulator.ActiveCfg = AppStore|iPhoneSimulator
		{AB4A621D-6370-4556-96CE-5D777BE98935}.AppStore|iPhoneSimulator.Build.0 = AppStore|iPhoneSimulator
		{AB4A621D-6370-4556-96CE-5D777BE98935}.AppStore|x64.ActiveCfg = AppStore|iPhone
		{AB4A621D-6370-4556-96CE-5D777BE98935}.AppStore|x86.ActiveCfg = AppStore|iPhone
		{AB4A621D-6370-4556-96CE-5D777BE98935}.Debug|Any CPU.ActiveCfg = Debug|iPhone
		{AB4A621D-6370-4556-96CE-5D777BE98935}.Debug|ARM.ActiveCfg = Debug|iPhone
		{AB4A621D-6370-4556-96CE-5D777BE98935}.Debug|iPhone.ActiveCfg = Debug|iPhone
		{AB4A621D-6370-4556-96CE-5D777BE98935}.Debug|iPhone.Build.0 = Debug|iPhone
		{AB4A621D-6370-4556-96CE-5D777BE98935}.Debug|iPhoneSimulator.ActiveCfg = Debug|iPhoneSimulator
		{AB4A621D-6370-4556-96CE-5D777BE98935}.Debug|iPhoneSimulator.Build.0 = Debug|iPhoneSimulator
		{AB4A621D-6370-4556-96CE-5D777BE98935}.Debug|x64.ActiveCfg = Debug|iPhone
		{AB4A621D-6370-4556-96CE-5D777BE98935}.Debug|x86.ActiveCfg = Debug|iPhone
		{AB4A621D-6370-4556-96CE-5D777BE98935}.Release|Any CPU.ActiveCfg = Release|iPhone
		{AB4A621D-6370-4556-96CE-5D777BE98935}.Release|ARM.ActiveCfg = Release|iPhone
		{AB4A621D-6370-4556-96CE-5D777BE98935}.Release|iPhone.ActiveCfg = Release|iPhone
		{AB4A621D-6370-4556-96CE-5D777BE98935}.Release|iPhone.Build.0 = Release|iPhone
		{AB4A621D-6370-4556-96CE-5D777BE98935}.Release|iPhoneSimulator.ActiveCfg = Release|iPhoneSimulator
		{AB4A621D-6370-4556-96CE-5D777BE98935}.Release|iPhoneSimulator.Build.0 = Release|iPhoneSimulator
		{AB4A621D-6370-4556-96CE-5D777BE98935}.Release|x64.ActiveCfg = Release|iPhone
		{AB4A621D-6370-4556-96CE-5D777BE98935}.Release|x86.ActiveCfg = Release|iPhone
		{DF8C4B9E-2C2F-401C-80A0-A098FCF4B3D7}.Ad-Hoc|Any CPU.ActiveCfg = Release|Any CPU
		{DF8C4B9E-2C2F-401C-80A0-A098FCF4B3D7}.Ad-Hoc|Any CPU.Build.0 = Release|Any CPU
		{DF8C4B9E-2C2F-401C-80A0-A098FCF4B3D7}.Ad-Hoc|Any CPU.Deploy.0 = Release|Any CPU
		{DF8C4B9E-2C2F-401C-80A0-A098FCF4B3D7}.Ad-Hoc|ARM.ActiveCfg = Release|ARM
		{DF8C4B9E-2C2F-401C-80A0-A098FCF4B3D7}.Ad-Hoc|ARM.Build.0 = Release|ARM
		{DF8C4B9E-2C2F-401C-80A0-A098FCF4B3D7}.Ad-Hoc|ARM.Deploy.0 = Release|ARM
		{DF8C4B9E-2C2F-401C-80A0-A098FCF4B3D7}.Ad-Hoc|iPhone.ActiveCfg = Release|Any CPU
		{DF8C4B9E-2C2F-401C-80A0-A098FCF4B3D7}.Ad-Hoc|iPhone.Build.0 = Release|Any CPU
		{DF8C4B9E-2C2F-401C-80A0-A098FCF4B3D7}.Ad-Hoc|iPhone.Deploy.0 = Release|Any CPU
		{DF8C4B9E-2C2F-401C-80A0-A098FCF4B3D7}.Ad-Hoc|iPhoneSimulator.ActiveCfg = Release|Any CPU
		{DF8C4B9E-2C2F-401C-80A0-A098FCF4B3D7}.Ad-Hoc|iPhoneSimulator.Build.0 = Release|Any CPU
		{DF8C4B9E-2C2F-401C-80A0-A098FCF4B3D7}.Ad-Hoc|iPhoneSimulator.Deploy.0 = Release|Any CPU
		{DF8C4B9E-2C2F-401C-80A0-A098FCF4B3D7}.Ad-Hoc|x64.ActiveCfg = Release|Any CPU
		{DF8C4B9E-2C2F-401C-80A0-A098FCF4B3D7}.Ad-Hoc|x64.Build.0 = Release|Any CPU
		{DF8C4B9E-2C2F-401C-80A0-A098FCF4B3D7}.Ad-Hoc|x64.Deploy.0 = Release|Any CPU
		{DF8C4B9E-2C2F-401C-80A0-A098FCF4B3D7}.Ad-Hoc|x86.ActiveCfg = Release|x86
		{DF8C4B9E-2C2F-401C-80A0-A098FCF4B3D7}.Ad-Hoc|x86.Build.0 = Release|x86
		{DF8C4B9E-2C2F-401C-80A0-A098FCF4B3D7}.Ad-Hoc|x86.Deploy.0 = Release|x86
		{DF8C4B9E-2C2F-401C-80A0-A098FCF4B3D7}.AppStore|Any CPU.ActiveCfg = Release|Any CPU
		{DF8C4B9E-2C2F-401C-80A0-A098FCF4B3D7}.AppStore|Any CPU.Build.0 = Release|Any CPU
		{DF8C4B9E-2C2F-401C-80A0-A098FCF4B3D7}.AppStore|Any CPU.Deploy.0 = Release|Any CPU
		{DF8C4B9E-2C2F-401C-80A0-A098FCF4B3D7}.AppStore|ARM.ActiveCfg = Release|ARM
		{DF8C4B9E-2C2F-401C-80A0-A098FCF4B3D7}.AppStore|ARM.Build.0 = Release|ARM
		{DF8C4B9E-2C2F-401C-80A0-A098FCF4B3D7}.AppStore|ARM.Deploy.0 = Release|ARM
		{DF8C4B9E-2C2F-401C-80A0-A098FCF4B3D7}.AppStore|iPhone.ActiveCfg = Release|Any CPU
		{DF8C4B9E-2C2F-401C-80A0-A098FCF4B3D7}.AppStore|iPhone.Build.0 = Release|Any CPU
		{DF8C4B9E-2C2F-401C-80A0-A098FCF4B3D7}.AppStore|iPhone.Deploy.0 = Release|Any CPU
		{DF8C4B9E-2C2F-401C-80A0-A098FCF4B3D7}.AppStore|iPhoneSimulator.ActiveCfg = Release|Any CPU
		{DF8C4B9E-2C2F-401C-80A0-A098FCF4B3D7}.AppStore|iPhoneSimulator.Build.0 = Release|Any CPU
		{DF8C4B9E-2C2F-401C-80A0-A098FCF4B3D7}.AppStore|iPhoneSimulator.Deploy.0 = Release|Any CPU
		{DF8C4B9E-2C2F-401C-80A0-A098FCF4B3D7}.AppStore|x64.ActiveCfg = Release|Any CPU
		{DF8C4B9E-2C2F-401C-80A0-A098FCF4B3D7}.AppStore|x64.Build.0 = Release|Any CPU
		{DF8C4B9E-2C2F-401C-80A0-A098FCF4B3D7}.AppStore|x64.Deploy.0 = Release|Any CPU
		{DF8C4B9E-2C2F-401C-80A0-A098FCF4B3D7}.AppStore|x86.ActiveCfg = Release|x86
		{DF8C4B9E-2C2F-401C-80A0-A098FCF4B3D7}.AppStore|x86.Build.0 = Release|x86
		{DF8C4B9E-2C2F-401C-80A0-A098FCF4B3D7}.AppStore|x86.Deploy.0 = Release|x86
		{DF8C4B9E-2C2F-401C-80A0-A098FCF4B3D7}.Debug|Any CPU.ActiveCfg = Debug|Any CPU
		{DF8C4B9E-2C2F-401C-80A0-A098FCF4B3D7}.Debug|Any CPU.Build.0 = Debug|Any CPU
		{DF8C4B9E-2C2F-401C-80A0-A098FCF4B3D7}.Debug|Any CPU.Deploy.0 = Debug|Any CPU
		{DF8C4B9E-2C2F-401C-80A0-A098FCF4B3D7}.Debug|ARM.ActiveCfg = Debug|ARM
		{DF8C4B9E-2C2F-401C-80A0-A098FCF4B3D7}.Debug|ARM.Build.0 = Debug|ARM
		{DF8C4B9E-2C2F-401C-80A0-A098FCF4B3D7}.Debug|ARM.Deploy.0 = Debug|ARM
		{DF8C4B9E-2C2F-401C-80A0-A098FCF4B3D7}.Debug|iPhone.ActiveCfg = Debug|Any CPU
		{DF8C4B9E-2C2F-401C-80A0-A098FCF4B3D7}.Debug|iPhone.Build.0 = Debug|Any CPU
		{DF8C4B9E-2C2F-401C-80A0-A098FCF4B3D7}.Debug|iPhone.Deploy.0 = Debug|Any CPU
		{DF8C4B9E-2C2F-401C-80A0-A098FCF4B3D7}.Debug|iPhoneSimulator.ActiveCfg = Debug|Any CPU
		{DF8C4B9E-2C2F-401C-80A0-A098FCF4B3D7}.Debug|iPhoneSimulator.Build.0 = Debug|Any CPU
		{DF8C4B9E-2C2F-401C-80A0-A098FCF4B3D7}.Debug|iPhoneSimulator.Deploy.0 = Debug|Any CPU
		{DF8C4B9E-2C2F-401C-80A0-A098FCF4B3D7}.Debug|x64.ActiveCfg = Debug|Any CPU
		{DF8C4B9E-2C2F-401C-80A0-A098FCF4B3D7}.Debug|x64.Build.0 = Debug|Any CPU
		{DF8C4B9E-2C2F-401C-80A0-A098FCF4B3D7}.Debug|x64.Deploy.0 = Debug|Any CPU
		{DF8C4B9E-2C2F-401C-80A0-A098FCF4B3D7}.Debug|x86.ActiveCfg = Debug|x86
		{DF8C4B9E-2C2F-401C-80A0-A098FCF4B3D7}.Debug|x86.Build.0 = Debug|x86
		{DF8C4B9E-2C2F-401C-80A0-A098FCF4B3D7}.Debug|x86.Deploy.0 = Debug|x86
		{DF8C4B9E-2C2F-401C-80A0-A098FCF4B3D7}.Release|Any CPU.ActiveCfg = Release|Any CPU
		{DF8C4B9E-2C2F-401C-80A0-A098FCF4B3D7}.Release|Any CPU.Build.0 = Release|Any CPU
		{DF8C4B9E-2C2F-401C-80A0-A098FCF4B3D7}.Release|Any CPU.Deploy.0 = Release|Any CPU
		{DF8C4B9E-2C2F-401C-80A0-A098FCF4B3D7}.Release|ARM.ActiveCfg = Release|ARM
		{DF8C4B9E-2C2F-401C-80A0-A098FCF4B3D7}.Release|ARM.Build.0 = Release|ARM
		{DF8C4B9E-2C2F-401C-80A0-A098FCF4B3D7}.Release|ARM.Deploy.0 = Release|ARM
		{DF8C4B9E-2C2F-401C-80A0-A098FCF4B3D7}.Release|iPhone.ActiveCfg = Release|Any CPU
		{DF8C4B9E-2C2F-401C-80A0-A098FCF4B3D7}.Release|iPhone.Build.0 = Release|Any CPU
		{DF8C4B9E-2C2F-401C-80A0-A098FCF4B3D7}.Release|iPhone.Deploy.0 = Release|Any CPU
		{DF8C4B9E-2C2F-401C-80A0-A098FCF4B3D7}.Release|iPhoneSimulator.ActiveCfg = Release|Any CPU
		{DF8C4B9E-2C2F-401C-80A0-A098FCF4B3D7}.Release|iPhoneSimulator.Build.0 = Release|Any CPU
		{DF8C4B9E-2C2F-401C-80A0-A098FCF4B3D7}.Release|iPhoneSimulator.Deploy.0 = Release|Any CPU
		{DF8C4B9E-2C2F-401C-80A0-A098FCF4B3D7}.Release|x64.ActiveCfg = Release|Any CPU
		{DF8C4B9E-2C2F-401C-80A0-A098FCF4B3D7}.Release|x64.Build.0 = Release|Any CPU
		{DF8C4B9E-2C2F-401C-80A0-A098FCF4B3D7}.Release|x64.Deploy.0 = Release|Any CPU
		{DF8C4B9E-2C2F-401C-80A0-A098FCF4B3D7}.Release|x86.ActiveCfg = Release|x86
		{DF8C4B9E-2C2F-401C-80A0-A098FCF4B3D7}.Release|x86.Build.0 = Release|x86
		{DF8C4B9E-2C2F-401C-80A0-A098FCF4B3D7}.Release|x86.Deploy.0 = Release|x86
		{0B2BCE2D-EAF5-4787-B8A3-E2E7C3E1ED55}.Ad-Hoc|Any CPU.ActiveCfg = Release|x86
		{0B2BCE2D-EAF5-4787-B8A3-E2E7C3E1ED55}.Ad-Hoc|Any CPU.Build.0 = Release|x86
		{0B2BCE2D-EAF5-4787-B8A3-E2E7C3E1ED55}.Ad-Hoc|Any CPU.Deploy.0 = Release|x86
		{0B2BCE2D-EAF5-4787-B8A3-E2E7C3E1ED55}.Ad-Hoc|ARM.ActiveCfg = Release|ARM
		{0B2BCE2D-EAF5-4787-B8A3-E2E7C3E1ED55}.Ad-Hoc|ARM.Build.0 = Release|ARM
		{0B2BCE2D-EAF5-4787-B8A3-E2E7C3E1ED55}.Ad-Hoc|ARM.Deploy.0 = Release|ARM
		{0B2BCE2D-EAF5-4787-B8A3-E2E7C3E1ED55}.Ad-Hoc|iPhone.ActiveCfg = Release|x86
		{0B2BCE2D-EAF5-4787-B8A3-E2E7C3E1ED55}.Ad-Hoc|iPhone.Build.0 = Release|x86
		{0B2BCE2D-EAF5-4787-B8A3-E2E7C3E1ED55}.Ad-Hoc|iPhone.Deploy.0 = Release|x86
		{0B2BCE2D-EAF5-4787-B8A3-E2E7C3E1ED55}.Ad-Hoc|iPhoneSimulator.ActiveCfg = Release|x86
		{0B2BCE2D-EAF5-4787-B8A3-E2E7C3E1ED55}.Ad-Hoc|iPhoneSimulator.Build.0 = Release|x86
		{0B2BCE2D-EAF5-4787-B8A3-E2E7C3E1ED55}.Ad-Hoc|iPhoneSimulator.Deploy.0 = Release|x86
		{0B2BCE2D-EAF5-4787-B8A3-E2E7C3E1ED55}.Ad-Hoc|x64.ActiveCfg = Release|x64
		{0B2BCE2D-EAF5-4787-B8A3-E2E7C3E1ED55}.Ad-Hoc|x64.Build.0 = Release|x64
		{0B2BCE2D-EAF5-4787-B8A3-E2E7C3E1ED55}.Ad-Hoc|x64.Deploy.0 = Release|x64
		{0B2BCE2D-EAF5-4787-B8A3-E2E7C3E1ED55}.Ad-Hoc|x86.ActiveCfg = Release|x86
		{0B2BCE2D-EAF5-4787-B8A3-E2E7C3E1ED55}.Ad-Hoc|x86.Build.0 = Release|x86
		{0B2BCE2D-EAF5-4787-B8A3-E2E7C3E1ED55}.Ad-Hoc|x86.Deploy.0 = Release|x86
		{0B2BCE2D-EAF5-4787-B8A3-E2E7C3E1ED55}.AppStore|Any CPU.ActiveCfg = Release|x86
		{0B2BCE2D-EAF5-4787-B8A3-E2E7C3E1ED55}.AppStore|Any CPU.Build.0 = Release|x86
		{0B2BCE2D-EAF5-4787-B8A3-E2E7C3E1ED55}.AppStore|Any CPU.Deploy.0 = Release|x86
		{0B2BCE2D-EAF5-4787-B8A3-E2E7C3E1ED55}.AppStore|ARM.ActiveCfg = Release|ARM
		{0B2BCE2D-EAF5-4787-B8A3-E2E7C3E1ED55}.AppStore|ARM.Build.0 = Release|ARM
		{0B2BCE2D-EAF5-4787-B8A3-E2E7C3E1ED55}.AppStore|ARM.Deploy.0 = Release|ARM
		{0B2BCE2D-EAF5-4787-B8A3-E2E7C3E1ED55}.AppStore|iPhone.ActiveCfg = Release|x86
		{0B2BCE2D-EAF5-4787-B8A3-E2E7C3E1ED55}.AppStore|iPhone.Build.0 = Release|x86
		{0B2BCE2D-EAF5-4787-B8A3-E2E7C3E1ED55}.AppStore|iPhone.Deploy.0 = Release|x86
		{0B2BCE2D-EAF5-4787-B8A3-E2E7C3E1ED55}.AppStore|iPhoneSimulator.ActiveCfg = Release|x86
		{0B2BCE2D-EAF5-4787-B8A3-E2E7C3E1ED55}.AppStore|iPhoneSimulator.Build.0 = Release|x86
		{0B2BCE2D-EAF5-4787-B8A3-E2E7C3E1ED55}.AppStore|iPhoneSimulator.Deploy.0 = Release|x86
		{0B2BCE2D-EAF5-4787-B8A3-E2E7C3E1ED55}.AppStore|x64.ActiveCfg = Release|x64
		{0B2BCE2D-EAF5-4787-B8A3-E2E7C3E1ED55}.AppStore|x64.Build.0 = Release|x64
		{0B2BCE2D-EAF5-4787-B8A3-E2E7C3E1ED55}.AppStore|x64.Deploy.0 = Release|x64
		{0B2BCE2D-EAF5-4787-B8A3-E2E7C3E1ED55}.AppStore|x86.ActiveCfg = Release|x86
		{0B2BCE2D-EAF5-4787-B8A3-E2E7C3E1ED55}.AppStore|x86.Build.0 = Release|x86
		{0B2BCE2D-EAF5-4787-B8A3-E2E7C3E1ED55}.AppStore|x86.Deploy.0 = Release|x86
		{0B2BCE2D-EAF5-4787-B8A3-E2E7C3E1ED55}.Debug|Any CPU.ActiveCfg = Debug|x86
		{0B2BCE2D-EAF5-4787-B8A3-E2E7C3E1ED55}.Debug|ARM.ActiveCfg = Debug|ARM
		{0B2BCE2D-EAF5-4787-B8A3-E2E7C3E1ED55}.Debug|ARM.Build.0 = Debug|ARM
		{0B2BCE2D-EAF5-4787-B8A3-E2E7C3E1ED55}.Debug|ARM.Deploy.0 = Debug|ARM
		{0B2BCE2D-EAF5-4787-B8A3-E2E7C3E1ED55}.Debug|iPhone.ActiveCfg = Debug|x86
		{0B2BCE2D-EAF5-4787-B8A3-E2E7C3E1ED55}.Debug|iPhoneSimulator.ActiveCfg = Debug|x86
		{0B2BCE2D-EAF5-4787-B8A3-E2E7C3E1ED55}.Debug|x64.ActiveCfg = Debug|x64
		{0B2BCE2D-EAF5-4787-B8A3-E2E7C3E1ED55}.Debug|x64.Build.0 = Debug|x64
		{0B2BCE2D-EAF5-4787-B8A3-E2E7C3E1ED55}.Debug|x64.Deploy.0 = Debug|x64
		{0B2BCE2D-EAF5-4787-B8A3-E2E7C3E1ED55}.Debug|x86.ActiveCfg = Debug|x86
		{0B2BCE2D-EAF5-4787-B8A3-E2E7C3E1ED55}.Debug|x86.Build.0 = Debug|x86
		{0B2BCE2D-EAF5-4787-B8A3-E2E7C3E1ED55}.Debug|x86.Deploy.0 = Debug|x86
		{0B2BCE2D-EAF5-4787-B8A3-E2E7C3E1ED55}.Release|Any CPU.ActiveCfg = Release|x86
		{0B2BCE2D-EAF5-4787-B8A3-E2E7C3E1ED55}.Release|ARM.ActiveCfg = Release|ARM
		{0B2BCE2D-EAF5-4787-B8A3-E2E7C3E1ED55}.Release|ARM.Build.0 = Release|ARM
		{0B2BCE2D-EAF5-4787-B8A3-E2E7C3E1ED55}.Release|ARM.Deploy.0 = Release|ARM
		{0B2BCE2D-EAF5-4787-B8A3-E2E7C3E1ED55}.Release|iPhone.ActiveCfg = Release|x86
		{0B2BCE2D-EAF5-4787-B8A3-E2E7C3E1ED55}.Release|iPhoneSimulator.ActiveCfg = Release|x86
		{0B2BCE2D-EAF5-4787-B8A3-E2E7C3E1ED55}.Release|x64.ActiveCfg = Release|x64
		{0B2BCE2D-EAF5-4787-B8A3-E2E7C3E1ED55}.Release|x64.Build.0 = Release|x64
		{0B2BCE2D-EAF5-4787-B8A3-E2E7C3E1ED55}.Release|x64.Deploy.0 = Release|x64
		{0B2BCE2D-EAF5-4787-B8A3-E2E7C3E1ED55}.Release|x86.ActiveCfg = Release|x86
		{0B2BCE2D-EAF5-4787-B8A3-E2E7C3E1ED55}.Release|x86.Build.0 = Release|x86
		{0B2BCE2D-EAF5-4787-B8A3-E2E7C3E1ED55}.Release|x86.Deploy.0 = Release|x86
		{9E24E90F-EB55-4EA5-ABD2-52013778538F}.Ad-Hoc|Any CPU.ActiveCfg = Release|Any CPU
		{9E24E90F-EB55-4EA5-ABD2-52013778538F}.Ad-Hoc|Any CPU.Build.0 = Release|Any CPU
		{9E24E90F-EB55-4EA5-ABD2-52013778538F}.Ad-Hoc|Any CPU.Deploy.0 = Release|Any CPU
		{9E24E90F-EB55-4EA5-ABD2-52013778538F}.Ad-Hoc|ARM.ActiveCfg = Release|ARM
		{9E24E90F-EB55-4EA5-ABD2-52013778538F}.Ad-Hoc|ARM.Build.0 = Release|ARM
		{9E24E90F-EB55-4EA5-ABD2-52013778538F}.Ad-Hoc|ARM.Deploy.0 = Release|ARM
		{9E24E90F-EB55-4EA5-ABD2-52013778538F}.Ad-Hoc|iPhone.ActiveCfg = Release|Any CPU
		{9E24E90F-EB55-4EA5-ABD2-52013778538F}.Ad-Hoc|iPhone.Build.0 = Release|Any CPU
		{9E24E90F-EB55-4EA5-ABD2-52013778538F}.Ad-Hoc|iPhone.Deploy.0 = Release|Any CPU
		{9E24E90F-EB55-4EA5-ABD2-52013778538F}.Ad-Hoc|iPhoneSimulator.ActiveCfg = Release|Any CPU
		{9E24E90F-EB55-4EA5-ABD2-52013778538F}.Ad-Hoc|iPhoneSimulator.Build.0 = Release|Any CPU
		{9E24E90F-EB55-4EA5-ABD2-52013778538F}.Ad-Hoc|iPhoneSimulator.Deploy.0 = Release|Any CPU
		{9E24E90F-EB55-4EA5-ABD2-52013778538F}.Ad-Hoc|x64.ActiveCfg = Release|x64
		{9E24E90F-EB55-4EA5-ABD2-52013778538F}.Ad-Hoc|x64.Build.0 = Release|x64
		{9E24E90F-EB55-4EA5-ABD2-52013778538F}.Ad-Hoc|x64.Deploy.0 = Release|x64
		{9E24E90F-EB55-4EA5-ABD2-52013778538F}.Ad-Hoc|x86.ActiveCfg = Release|x86
		{9E24E90F-EB55-4EA5-ABD2-52013778538F}.Ad-Hoc|x86.Build.0 = Release|x86
		{9E24E90F-EB55-4EA5-ABD2-52013778538F}.Ad-Hoc|x86.Deploy.0 = Release|x86
		{9E24E90F-EB55-4EA5-ABD2-52013778538F}.AppStore|Any CPU.ActiveCfg = Release|Any CPU
		{9E24E90F-EB55-4EA5-ABD2-52013778538F}.AppStore|Any CPU.Build.0 = Release|Any CPU
		{9E24E90F-EB55-4EA5-ABD2-52013778538F}.AppStore|Any CPU.Deploy.0 = Release|Any CPU
		{9E24E90F-EB55-4EA5-ABD2-52013778538F}.AppStore|ARM.ActiveCfg = Release|ARM
		{9E24E90F-EB55-4EA5-ABD2-52013778538F}.AppStore|ARM.Build.0 = Release|ARM
		{9E24E90F-EB55-4EA5-ABD2-52013778538F}.AppStore|ARM.Deploy.0 = Release|ARM
		{9E24E90F-EB55-4EA5-ABD2-52013778538F}.AppStore|iPhone.ActiveCfg = Release|Any CPU
		{9E24E90F-EB55-4EA5-ABD2-52013778538F}.AppStore|iPhone.Build.0 = Release|Any CPU
		{9E24E90F-EB55-4EA5-ABD2-52013778538F}.AppStore|iPhone.Deploy.0 = Release|Any CPU
		{9E24E90F-EB55-4EA5-ABD2-52013778538F}.AppStore|iPhoneSimulator.ActiveCfg = Release|Any CPU
		{9E24E90F-EB55-4EA5-ABD2-52013778538F}.AppStore|iPhoneSimulator.Build.0 = Release|Any CPU
		{9E24E90F-EB55-4EA5-ABD2-52013778538F}.AppStore|iPhoneSimulator.Deploy.0 = Release|Any CPU
		{9E24E90F-EB55-4EA5-ABD2-52013778538F}.AppStore|x64.ActiveCfg = Release|x64
		{9E24E90F-EB55-4EA5-ABD2-52013778538F}.AppStore|x64.Build.0 = Release|x64
		{9E24E90F-EB55-4EA5-ABD2-52013778538F}.AppStore|x64.Deploy.0 = Release|x64
		{9E24E90F-EB55-4EA5-ABD2-52013778538F}.AppStore|x86.ActiveCfg = Release|x86
		{9E24E90F-EB55-4EA5-ABD2-52013778538F}.AppStore|x86.Build.0 = Release|x86
		{9E24E90F-EB55-4EA5-ABD2-52013778538F}.AppStore|x86.Deploy.0 = Release|x86
		{9E24E90F-EB55-4EA5-ABD2-52013778538F}.Debug|Any CPU.ActiveCfg = Debug|Any CPU
		{9E24E90F-EB55-4EA5-ABD2-52013778538F}.Debug|ARM.ActiveCfg = Debug|ARM
		{9E24E90F-EB55-4EA5-ABD2-52013778538F}.Debug|ARM.Build.0 = Debug|ARM
		{9E24E90F-EB55-4EA5-ABD2-52013778538F}.Debug|ARM.Deploy.0 = Debug|ARM
		{9E24E90F-EB55-4EA5-ABD2-52013778538F}.Debug|iPhone.ActiveCfg = Debug|Any CPU
		{9E24E90F-EB55-4EA5-ABD2-52013778538F}.Debug|iPhone.Build.0 = Debug|Any CPU
		{9E24E90F-EB55-4EA5-ABD2-52013778538F}.Debug|iPhone.Deploy.0 = Debug|Any CPU
		{9E24E90F-EB55-4EA5-ABD2-52013778538F}.Debug|iPhoneSimulator.ActiveCfg = Debug|Any CPU
		{9E24E90F-EB55-4EA5-ABD2-52013778538F}.Debug|iPhoneSimulator.Build.0 = Debug|Any CPU
		{9E24E90F-EB55-4EA5-ABD2-52013778538F}.Debug|iPhoneSimulator.Deploy.0 = Debug|Any CPU
		{9E24E90F-EB55-4EA5-ABD2-52013778538F}.Debug|x64.ActiveCfg = Debug|x64
		{9E24E90F-EB55-4EA5-ABD2-52013778538F}.Debug|x64.Build.0 = Debug|x64
		{9E24E90F-EB55-4EA5-ABD2-52013778538F}.Debug|x64.Deploy.0 = Debug|x64
		{9E24E90F-EB55-4EA5-ABD2-52013778538F}.Debug|x86.ActiveCfg = Debug|x86
		{9E24E90F-EB55-4EA5-ABD2-52013778538F}.Debug|x86.Build.0 = Debug|x86
		{9E24E90F-EB55-4EA5-ABD2-52013778538F}.Debug|x86.Deploy.0 = Debug|x86
		{9E24E90F-EB55-4EA5-ABD2-52013778538F}.Release|Any CPU.ActiveCfg = Release|Any CPU
		{9E24E90F-EB55-4EA5-ABD2-52013778538F}.Release|Any CPU.Build.0 = Release|Any CPU
		{9E24E90F-EB55-4EA5-ABD2-52013778538F}.Release|Any CPU.Deploy.0 = Release|Any CPU
		{9E24E90F-EB55-4EA5-ABD2-52013778538F}.Release|ARM.ActiveCfg = Release|ARM
		{9E24E90F-EB55-4EA5-ABD2-52013778538F}.Release|ARM.Build.0 = Release|ARM
		{9E24E90F-EB55-4EA5-ABD2-52013778538F}.Release|ARM.Deploy.0 = Release|ARM
		{9E24E90F-EB55-4EA5-ABD2-52013778538F}.Release|iPhone.ActiveCfg = Release|Any CPU
		{9E24E90F-EB55-4EA5-ABD2-52013778538F}.Release|iPhone.Build.0 = Release|Any CPU
		{9E24E90F-EB55-4EA5-ABD2-52013778538F}.Release|iPhone.Deploy.0 = Release|Any CPU
		{9E24E90F-EB55-4EA5-ABD2-52013778538F}.Release|iPhoneSimulator.ActiveCfg = Release|Any CPU
		{9E24E90F-EB55-4EA5-ABD2-52013778538F}.Release|iPhoneSimulator.Build.0 = Release|Any CPU
		{9E24E90F-EB55-4EA5-ABD2-52013778538F}.Release|iPhoneSimulator.Deploy.0 = Release|Any CPU
		{9E24E90F-EB55-4EA5-ABD2-52013778538F}.Release|x64.ActiveCfg = Release|x64
		{9E24E90F-EB55-4EA5-ABD2-52013778538F}.Release|x64.Build.0 = Release|x64
		{9E24E90F-EB55-4EA5-ABD2-52013778538F}.Release|x64.Deploy.0 = Release|x64
		{9E24E90F-EB55-4EA5-ABD2-52013778538F}.Release|x86.ActiveCfg = Release|x86
		{9E24E90F-EB55-4EA5-ABD2-52013778538F}.Release|x86.Build.0 = Release|x86
		{9E24E90F-EB55-4EA5-ABD2-52013778538F}.Release|x86.Deploy.0 = Release|x86
		{491F3CB6-D3F7-490C-ADB9-78ACE2511CAF}.Ad-Hoc|Any CPU.ActiveCfg = Release|Any CPU
		{491F3CB6-D3F7-490C-ADB9-78ACE2511CAF}.Ad-Hoc|Any CPU.Build.0 = Release|Any CPU
		{491F3CB6-D3F7-490C-ADB9-78ACE2511CAF}.Ad-Hoc|ARM.ActiveCfg = Release|Any CPU
		{491F3CB6-D3F7-490C-ADB9-78ACE2511CAF}.Ad-Hoc|ARM.Build.0 = Release|Any CPU
		{491F3CB6-D3F7-490C-ADB9-78ACE2511CAF}.Ad-Hoc|iPhone.ActiveCfg = Release|Any CPU
		{491F3CB6-D3F7-490C-ADB9-78ACE2511CAF}.Ad-Hoc|iPhone.Build.0 = Release|Any CPU
		{491F3CB6-D3F7-490C-ADB9-78ACE2511CAF}.Ad-Hoc|iPhoneSimulator.ActiveCfg = Release|Any CPU
		{491F3CB6-D3F7-490C-ADB9-78ACE2511CAF}.Ad-Hoc|iPhoneSimulator.Build.0 = Release|Any CPU
		{491F3CB6-D3F7-490C-ADB9-78ACE2511CAF}.Ad-Hoc|x64.ActiveCfg = Release|Any CPU
		{491F3CB6-D3F7-490C-ADB9-78ACE2511CAF}.Ad-Hoc|x64.Build.0 = Release|Any CPU
		{491F3CB6-D3F7-490C-ADB9-78ACE2511CAF}.Ad-Hoc|x86.ActiveCfg = Release|Any CPU
		{491F3CB6-D3F7-490C-ADB9-78ACE2511CAF}.Ad-Hoc|x86.Build.0 = Release|Any CPU
		{491F3CB6-D3F7-490C-ADB9-78ACE2511CAF}.AppStore|Any CPU.ActiveCfg = Release|Any CPU
		{491F3CB6-D3F7-490C-ADB9-78ACE2511CAF}.AppStore|Any CPU.Build.0 = Release|Any CPU
		{491F3CB6-D3F7-490C-ADB9-78ACE2511CAF}.AppStore|ARM.ActiveCfg = Release|Any CPU
		{491F3CB6-D3F7-490C-ADB9-78ACE2511CAF}.AppStore|ARM.Build.0 = Release|Any CPU
		{491F3CB6-D3F7-490C-ADB9-78ACE2511CAF}.AppStore|iPhone.ActiveCfg = Release|Any CPU
		{491F3CB6-D3F7-490C-ADB9-78ACE2511CAF}.AppStore|iPhone.Build.0 = Release|Any CPU
		{491F3CB6-D3F7-490C-ADB9-78ACE2511CAF}.AppStore|iPhoneSimulator.ActiveCfg = Release|Any CPU
		{491F3CB6-D3F7-490C-ADB9-78ACE2511CAF}.AppStore|iPhoneSimulator.Build.0 = Release|Any CPU
		{491F3CB6-D3F7-490C-ADB9-78ACE2511CAF}.AppStore|x64.ActiveCfg = Release|Any CPU
		{491F3CB6-D3F7-490C-ADB9-78ACE2511CAF}.AppStore|x64.Build.0 = Release|Any CPU
		{491F3CB6-D3F7-490C-ADB9-78ACE2511CAF}.AppStore|x86.ActiveCfg = Release|Any CPU
		{491F3CB6-D3F7-490C-ADB9-78ACE2511CAF}.AppStore|x86.Build.0 = Release|Any CPU
		{491F3CB6-D3F7-490C-ADB9-78ACE2511CAF}.Debug|Any CPU.ActiveCfg = Debug|Any CPU
		{491F3CB6-D3F7-490C-ADB9-78ACE2511CAF}.Debug|Any CPU.Build.0 = Debug|Any CPU
		{491F3CB6-D3F7-490C-ADB9-78ACE2511CAF}.Debug|ARM.ActiveCfg = Debug|Any CPU
		{491F3CB6-D3F7-490C-ADB9-78ACE2511CAF}.Debug|ARM.Build.0 = Debug|Any CPU
		{491F3CB6-D3F7-490C-ADB9-78ACE2511CAF}.Debug|iPhone.ActiveCfg = Debug|Any CPU
		{491F3CB6-D3F7-490C-ADB9-78ACE2511CAF}.Debug|iPhone.Build.0 = Debug|Any CPU
		{491F3CB6-D3F7-490C-ADB9-78ACE2511CAF}.Debug|iPhoneSimulator.ActiveCfg = Debug|Any CPU
		{491F3CB6-D3F7-490C-ADB9-78ACE2511CAF}.Debug|iPhoneSimulator.Build.0 = Debug|Any CPU
		{491F3CB6-D3F7-490C-ADB9-78ACE2511CAF}.Debug|x64.ActiveCfg = Debug|Any CPU
		{491F3CB6-D3F7-490C-ADB9-78ACE2511CAF}.Debug|x64.Build.0 = Debug|Any CPU
		{491F3CB6-D3F7-490C-ADB9-78ACE2511CAF}.Debug|x86.ActiveCfg = Debug|Any CPU
		{491F3CB6-D3F7-490C-ADB9-78ACE2511CAF}.Debug|x86.Build.0 = Debug|Any CPU
		{491F3CB6-D3F7-490C-ADB9-78ACE2511CAF}.Release|Any CPU.ActiveCfg = Release|Any CPU
		{491F3CB6-D3F7-490C-ADB9-78ACE2511CAF}.Release|Any CPU.Build.0 = Release|Any CPU
		{491F3CB6-D3F7-490C-ADB9-78ACE2511CAF}.Release|ARM.ActiveCfg = Release|Any CPU
		{491F3CB6-D3F7-490C-ADB9-78ACE2511CAF}.Release|ARM.Build.0 = Release|Any CPU
		{491F3CB6-D3F7-490C-ADB9-78ACE2511CAF}.Release|iPhone.ActiveCfg = Release|Any CPU
		{491F3CB6-D3F7-490C-ADB9-78ACE2511CAF}.Release|iPhone.Build.0 = Release|Any CPU
		{491F3CB6-D3F7-490C-ADB9-78ACE2511CAF}.Release|iPhoneSimulator.ActiveCfg = Release|Any CPU
		{491F3CB6-D3F7-490C-ADB9-78ACE2511CAF}.Release|iPhoneSimulator.Build.0 = Release|Any CPU
		{491F3CB6-D3F7-490C-ADB9-78ACE2511CAF}.Release|x64.ActiveCfg = Release|Any CPU
		{491F3CB6-D3F7-490C-ADB9-78ACE2511CAF}.Release|x64.Build.0 = Release|Any CPU
		{491F3CB6-D3F7-490C-ADB9-78ACE2511CAF}.Release|x86.ActiveCfg = Release|Any CPU
		{491F3CB6-D3F7-490C-ADB9-78ACE2511CAF}.Release|x86.Build.0 = Release|Any CPU
	EndGlobalSection
	GlobalSection(SolutionProperties) = preSolution
		HideSolutionNode = FALSE
	EndGlobalSection
EndGlobal
